
Microsoft Visual Studio Solution File, Format Version 12.00
# Visual Studio Version 16
VisualStudioVersion = 16.0.30114.105
MinimumVisualStudioVersion = 10.0.40219.1
Project("{FAE04EC0-301F-11D3-BF4B-00C04F79EFBC}") = "AspnetWebApplication", "AspnetWebApplication\AspnetWebApplication.csproj", "{9FD8772E-C355-47F1-928E-D55B824F2F7B}"
EndProject
Global
	GlobalSection(SolutionConfigurationPlatforms) = preSolution
		Debug|Any CPU = Debug|Any CPU
		Release|Any CPU = Release|Any CPU
	EndGlobalSection
	GlobalSection(ProjectConfigurationPlatforms) = postSolution
		{9FD8772E-C355-47F1-928E-D55B824F2F7B}.Debug|Any CPU.ActiveCfg = Debug|Any CPU
		{9FD8772E-C355-47F1-928E-D55B824F2F7B}.Debug|Any CPU.Build.0 = Debug|Any CPU
		{9FD8772E-C355-47F1-928E-D55B824F2F7B}.Release|Any CPU.ActiveCfg = Release|Any CPU
		{9FD8772E-C355-47F1-928E-D55B824F2F7B}.Release|Any CPU.Build.0 = Release|Any CPU
	EndGlobalSection
	GlobalSection(SolutionProperties) = preSolution
		HideSolutionNode = FALSE
	EndGlobalSection
	GlobalSection(ExtensibilityGlobals) = postSolution
		SolutionGuid = {404F5939-E80A-4FE0-A86E-EAD8D2ABF059}
	EndGlobalSection
EndGlobal
